
Microsoft Visual Studio Solution File, Format Version 12.00
# Visual Studio Version 17
VisualStudioVersion = 17.4.33213.308
MinimumVisualStudioVersion = 10.0.40219.1
Project("{2150E333-8FDC-42A3-9474-1A3956D46DE8}") = "Services", "Services", "{4B17646B-7CBD-47E0-8978-3C121D6BB86C}"
EndProject
Project("{2150E333-8FDC-42A3-9474-1A3956D46DE8}") = "User", "User", "{703CF195-E444-4E2C-A544-0C64BB8AEFAC}"
EndProject
Project("{9A19103F-16F7-4668-BE54-9A1E7A4F7556}") = "User.Api", "Services\User\User.Api\User.Api.csproj", "{54A09B10-99E4-4FBD-8907-88E5E88B7314}"
EndProject
Project("{9A19103F-16F7-4668-BE54-9A1E7A4F7556}") = "User.Grpc", "Services\User\User.Grpc\User.Grpc.csproj", "{0E69FFC5-B8CB-4274-8FDB-FFDB4F83EC6E}"
EndProject
Project("{2150E333-8FDC-42A3-9474-1A3956D46DE8}") = "Post", "Post", "{F99784B4-E963-4894-A8F1-2D00FED4388A}"
EndProject
Project("{9A19103F-16F7-4668-BE54-9A1E7A4F7556}") = "Post.Api", "Services\Post\Post.Api\Post.Api.csproj", "{4B301AF7-B42B-420D-A503-71396193885F}"
EndProject
Project("{2150E333-8FDC-42A3-9474-1A3956D46DE8}") = "Chat", "Chat", "{EBB040AC-F6FA-471F-9FD3-2ED7325E2834}"
EndProject
Project("{9A19103F-16F7-4668-BE54-9A1E7A4F7556}") = "Chat.Api", "Services\Chat\Chat.Api\Chat.Api.csproj", "{625577D9-3E12-46A3-9078-C2451C63FD7F}"
EndProject
Project("{2150E333-8FDC-42A3-9474-1A3956D46DE8}") = "Notification", "Notification", "{35B1A297-173E-4F7E-BD4C-B2BE935484BF}"
EndProject
Project("{9A19103F-16F7-4668-BE54-9A1E7A4F7556}") = "Notification.Api", "Services\Notification\Notification.Api\Notification.Api.csproj", "{CB283E90-8077-4CC7-979A-309014CB9CEB}"
EndProject
Project("{2150E333-8FDC-42A3-9474-1A3956D46DE8}") = "IdentityServer", "IdentityServer", "{052A885B-3B62-42F4-AA67-B21BF64A6EEB}"
EndProject
Project("{9A19103F-16F7-4668-BE54-9A1E7A4F7556}") = "IdentityServer", "Services\IdentityServer\IdentityServer\IdentityServer.csproj", "{361D2157-C9F7-48AC-84F9-2C15A6DCDF8A}"
EndProject
Project("{9A19103F-16F7-4668-BE54-9A1E7A4F7556}") = "Post.Core", "Services\Post\Post.Core\Post.Core.csproj", "{91471C76-AA13-4964-BEDD-7CEA61FF078D}"
EndProject
Project("{9A19103F-16F7-4668-BE54-9A1E7A4F7556}") = "Post.Infrastructure", "Services\Post\Post.Infrastructure\Post.Infrastructure.csproj", "{987A1B7A-0AF2-4199-8DE0-D76967C640FF}"
EndProject
Project("{9A19103F-16F7-4668-BE54-9A1E7A4F7556}") = "Notification.Domain", "Services\Notification\Notification.Domain\Notification.Domain.csproj", "{402E0CFF-3BAE-4C83-8811-502CF1C8DF88}"
EndProject
Project("{9A19103F-16F7-4668-BE54-9A1E7A4F7556}") = "Notification.Application", "Services\Notification\Notification.Application\Notification.Application.csproj", "{192C7F0E-7E89-40F5-AED5-C59FEF108BB5}"
EndProject
Project("{9A19103F-16F7-4668-BE54-9A1E7A4F7556}") = "Notification.Infrastructure", "Services\Notification\Notification.Infrastructure\Notification.Infrastructure.csproj", "{371E0E3F-DDDD-4AA1-8D56-C6A0AE41FA88}"
EndProject
Project("{E53339B2-1760-4266-BCC7-CA923CBCF16C}") = "docker-compose", "docker-compose.dcproj", "{56730C60-90F6-44E0-AA37-5480BC5C5711}"
EndProject
Project("{2150E333-8FDC-42A3-9474-1A3956D46DE8}") = "BuildingBlocks", "BuildingBlocks", "{5E62F8FE-E88C-47F8-8731-1A5002B174F5}"
EndProject
Project("{9A19103F-16F7-4668-BE54-9A1E7A4F7556}") = "EventBus.Messages", "BuildingBlocks\EventBus.Messages\EventBus.Messages.csproj", "{DCADA27B-E22B-4E66-817F-4098A69B0BA3}"
EndProject
Project("{2150E333-8FDC-42A3-9474-1A3956D46DE8}") = "ApiGateways", "ApiGateways", "{F13467FD-93D0-40D8-8DC5-A984C291991D}"
EndProject
Project("{FAE04EC0-301F-11D3-BF4B-00C04F79EFBC}") = "OcelotApiGw", "ApiGateways\OcelotApiGw\OcelotApiGw.csproj", "{AD683541-720C-4352-9579-29EE4B6B965D}"
EndProject
Global
	GlobalSection(SolutionConfigurationPlatforms) = preSolution
		Debug|Any CPU = Debug|Any CPU
		Release|Any CPU = Release|Any CPU
	EndGlobalSection
	GlobalSection(ProjectConfigurationPlatforms) = postSolution
		{54A09B10-99E4-4FBD-8907-88E5E88B7314}.Debug|Any CPU.ActiveCfg = Debug|Any CPU
		{54A09B10-99E4-4FBD-8907-88E5E88B7314}.Debug|Any CPU.Build.0 = Debug|Any CPU
		{54A09B10-99E4-4FBD-8907-88E5E88B7314}.Release|Any CPU.ActiveCfg = Release|Any CPU
		{54A09B10-99E4-4FBD-8907-88E5E88B7314}.Release|Any CPU.Build.0 = Release|Any CPU
		{0E69FFC5-B8CB-4274-8FDB-FFDB4F83EC6E}.Debug|Any CPU.ActiveCfg = Debug|Any CPU
		{0E69FFC5-B8CB-4274-8FDB-FFDB4F83EC6E}.Debug|Any CPU.Build.0 = Debug|Any CPU
		{0E69FFC5-B8CB-4274-8FDB-FFDB4F83EC6E}.Release|Any CPU.ActiveCfg = Release|Any CPU
		{0E69FFC5-B8CB-4274-8FDB-FFDB4F83EC6E}.Release|Any CPU.Build.0 = Release|Any CPU
		{4B301AF7-B42B-420D-A503-71396193885F}.Debug|Any CPU.ActiveCfg = Debug|Any CPU
		{4B301AF7-B42B-420D-A503-71396193885F}.Debug|Any CPU.Build.0 = Debug|Any CPU
		{4B301AF7-B42B-420D-A503-71396193885F}.Release|Any CPU.ActiveCfg = Release|Any CPU
		{4B301AF7-B42B-420D-A503-71396193885F}.Release|Any CPU.Build.0 = Release|Any CPU
		{625577D9-3E12-46A3-9078-C2451C63FD7F}.Debug|Any CPU.ActiveCfg = Debug|Any CPU
		{625577D9-3E12-46A3-9078-C2451C63FD7F}.Debug|Any CPU.Build.0 = Debug|Any CPU
		{625577D9-3E12-46A3-9078-C2451C63FD7F}.Release|Any CPU.ActiveCfg = Release|Any CPU
		{625577D9-3E12-46A3-9078-C2451C63FD7F}.Release|Any CPU.Build.0 = Release|Any CPU
		{CB283E90-8077-4CC7-979A-309014CB9CEB}.Debug|Any CPU.ActiveCfg = Debug|Any CPU
		{CB283E90-8077-4CC7-979A-309014CB9CEB}.Debug|Any CPU.Build.0 = Debug|Any CPU
		{CB283E90-8077-4CC7-979A-309014CB9CEB}.Release|Any CPU.ActiveCfg = Release|Any CPU
		{CB283E90-8077-4CC7-979A-309014CB9CEB}.Release|Any CPU.Build.0 = Release|Any CPU
		{361D2157-C9F7-48AC-84F9-2C15A6DCDF8A}.Debug|Any CPU.ActiveCfg = Debug|Any CPU
		{361D2157-C9F7-48AC-84F9-2C15A6DCDF8A}.Debug|Any CPU.Build.0 = Debug|Any CPU
		{361D2157-C9F7-48AC-84F9-2C15A6DCDF8A}.Release|Any CPU.ActiveCfg = Release|Any CPU
		{361D2157-C9F7-48AC-84F9-2C15A6DCDF8A}.Release|Any CPU.Build.0 = Release|Any CPU
		{91471C76-AA13-4964-BEDD-7CEA61FF078D}.Debug|Any CPU.ActiveCfg = Debug|Any CPU
		{91471C76-AA13-4964-BEDD-7CEA61FF078D}.Debug|Any CPU.Build.0 = Debug|Any CPU
		{91471C76-AA13-4964-BEDD-7CEA61FF078D}.Release|Any CPU.ActiveCfg = Release|Any CPU
		{91471C76-AA13-4964-BEDD-7CEA61FF078D}.Release|Any CPU.Build.0 = Release|Any CPU
		{987A1B7A-0AF2-4199-8DE0-D76967C640FF}.Debug|Any CPU.ActiveCfg = Debug|Any CPU
		{987A1B7A-0AF2-4199-8DE0-D76967C640FF}.Debug|Any CPU.Build.0 = Debug|Any CPU
		{987A1B7A-0AF2-4199-8DE0-D76967C640FF}.Release|Any CPU.ActiveCfg = Release|Any CPU
		{987A1B7A-0AF2-4199-8DE0-D76967C640FF}.Release|Any CPU.Build.0 = Release|Any CPU
		{402E0CFF-3BAE-4C83-8811-502CF1C8DF88}.Debug|Any CPU.ActiveCfg = Debug|Any CPU
		{402E0CFF-3BAE-4C83-8811-502CF1C8DF88}.Debug|Any CPU.Build.0 = Debug|Any CPU
		{402E0CFF-3BAE-4C83-8811-502CF1C8DF88}.Release|Any CPU.ActiveCfg = Release|Any CPU
		{402E0CFF-3BAE-4C83-8811-502CF1C8DF88}.Release|Any CPU.Build.0 = Release|Any CPU
		{192C7F0E-7E89-40F5-AED5-C59FEF108BB5}.Debug|Any CPU.ActiveCfg = Debug|Any CPU
		{192C7F0E-7E89-40F5-AED5-C59FEF108BB5}.Debug|Any CPU.Build.0 = Debug|Any CPU
		{192C7F0E-7E89-40F5-AED5-C59FEF108BB5}.Release|Any CPU.ActiveCfg = Release|Any CPU
		{192C7F0E-7E89-40F5-AED5-C59FEF108BB5}.Release|Any CPU.Build.0 = Release|Any CPU
		{371E0E3F-DDDD-4AA1-8D56-C6A0AE41FA88}.Debug|Any CPU.ActiveCfg = Debug|Any CPU
		{371E0E3F-DDDD-4AA1-8D56-C6A0AE41FA88}.Debug|Any CPU.Build.0 = Debug|Any CPU
		{371E0E3F-DDDD-4AA1-8D56-C6A0AE41FA88}.Release|Any CPU.ActiveCfg = Release|Any CPU
		{371E0E3F-DDDD-4AA1-8D56-C6A0AE41FA88}.Release|Any CPU.Build.0 = Release|Any CPU
		{56730C60-90F6-44E0-AA37-5480BC5C5711}.Debug|Any CPU.ActiveCfg = Debug|Any CPU
		{56730C60-90F6-44E0-AA37-5480BC5C5711}.Debug|Any CPU.Build.0 = Debug|Any CPU
		{56730C60-90F6-44E0-AA37-5480BC5C5711}.Release|Any CPU.ActiveCfg = Release|Any CPU
		{56730C60-90F6-44E0-AA37-5480BC5C5711}.Release|Any CPU.Build.0 = Release|Any CPU
		{DCADA27B-E22B-4E66-817F-4098A69B0BA3}.Debug|Any CPU.ActiveCfg = Debug|Any CPU
		{DCADA27B-E22B-4E66-817F-4098A69B0BA3}.Debug|Any CPU.Build.0 = Debug|Any CPU
		{DCADA27B-E22B-4E66-817F-4098A69B0BA3}.Release|Any CPU.ActiveCfg = Release|Any CPU
		{DCADA27B-E22B-4E66-817F-4098A69B0BA3}.Release|Any CPU.Build.0 = Release|Any CPU
		{AD683541-720C-4352-9579-29EE4B6B965D}.Debug|Any CPU.ActiveCfg = Debug|Any CPU
		{AD683541-720C-4352-9579-29EE4B6B965D}.Debug|Any CPU.Build.0 = Debug|Any CPU
		{AD683541-720C-4352-9579-29EE4B6B965D}.Release|Any CPU.ActiveCfg = Release|Any CPU
		{AD683541-720C-4352-9579-29EE4B6B965D}.Release|Any CPU.Build.0 = Release|Any CPU
	EndGlobalSection
	GlobalSection(SolutionProperties) = preSolution
		HideSolutionNode = FALSE
	EndGlobalSection
	GlobalSection(NestedProjects) = preSolution
		{703CF195-E444-4E2C-A544-0C64BB8AEFAC} = {4B17646B-7CBD-47E0-8978-3C121D6BB86C}
		{54A09B10-99E4-4FBD-8907-88E5E88B7314} = {703CF195-E444-4E2C-A544-0C64BB8AEFAC}
		{0E69FFC5-B8CB-4274-8FDB-FFDB4F83EC6E} = {703CF195-E444-4E2C-A544-0C64BB8AEFAC}
		{F99784B4-E963-4894-A8F1-2D00FED4388A} = {4B17646B-7CBD-47E0-8978-3C121D6BB86C}
		{4B301AF7-B42B-420D-A503-71396193885F} = {F99784B4-E963-4894-A8F1-2D00FED4388A}
		{EBB040AC-F6FA-471F-9FD3-2ED7325E2834} = {4B17646B-7CBD-47E0-8978-3C121D6BB86C}
		{625577D9-3E12-46A3-9078-C2451C63FD7F} = {EBB040AC-F6FA-471F-9FD3-2ED7325E2834}
		{35B1A297-173E-4F7E-BD4C-B2BE935484BF} = {4B17646B-7CBD-47E0-8978-3C121D6BB86C}
		{CB283E90-8077-4CC7-979A-309014CB9CEB} = {35B1A297-173E-4F7E-BD4C-B2BE935484BF}
		{052A885B-3B62-42F4-AA67-B21BF64A6EEB} = {4B17646B-7CBD-47E0-8978-3C121D6BB86C}
		{361D2157-C9F7-48AC-84F9-2C15A6DCDF8A} = {052A885B-3B62-42F4-AA67-B21BF64A6EEB}
		{91471C76-AA13-4964-BEDD-7CEA61FF078D} = {F99784B4-E963-4894-A8F1-2D00FED4388A}
		{987A1B7A-0AF2-4199-8DE0-D76967C640FF} = {F99784B4-E963-4894-A8F1-2D00FED4388A}
		{402E0CFF-3BAE-4C83-8811-502CF1C8DF88} = {35B1A297-173E-4F7E-BD4C-B2BE935484BF}
		{192C7F0E-7E89-40F5-AED5-C59FEF108BB5} = {35B1A297-173E-4F7E-BD4C-B2BE935484BF}
		{371E0E3F-DDDD-4AA1-8D56-C6A0AE41FA88} = {35B1A297-173E-4F7E-BD4C-B2BE935484BF}
		{DCADA27B-E22B-4E66-817F-4098A69B0BA3} = {5E62F8FE-E88C-47F8-8731-1A5002B174F5}
		{AD683541-720C-4352-9579-29EE4B6B965D} = {F13467FD-93D0-40D8-8DC5-A984C291991D}
	EndGlobalSection
	GlobalSection(ExtensibilityGlobals) = postSolution
		SolutionGuid = {6307F1B8-7D83-460B-886E-A3C5A43F8D2A}
	EndGlobalSection
EndGlobal
